// !$*UTF8*$!
{
	archiveVersion = 1;
	classes = {
	};
	objectVersion = 48;
	objects = {

/* Begin PBXBuildFile section */
		81BF7DF01FFFD472009C1728 /* AppDelegate.swift in Sources */ = {isa = PBXBuildFile; fileRef = 81BF7DEF1FFFD472009C1728 /* AppDelegate.swift */; };
		81BF7DF21FFFD472009C1728 /* ViewController.swift in Sources */ = {isa = PBXBuildFile; fileRef = 81BF7DF11FFFD472009C1728 /* ViewController.swift */; };
		81BF7DF51FFFD472009C1728 /* Main.storyboard in Resources */ = {isa = PBXBuildFile; fileRef = 81BF7DF31FFFD472009C1728 /* Main.storyboard */; };
		81BF7DF71FFFD472009C1728 /* Assets.xcassets in Resources */ = {isa = PBXBuildFile; fileRef = 81BF7DF61FFFD472009C1728 /* Assets.xcassets */; };
		81BF7DFA1FFFD472009C1728 /* LaunchScreen.storyboard in Resources */ = {isa = PBXBuildFile; fileRef = 81BF7DF81FFFD472009C1728 /* LaunchScreen.storyboard */; };
		81BF7E051FFFD472009C1728 /* FellowsTests.swift in Sources */ = {isa = PBXBuildFile; fileRef = 81BF7E041FFFD472009C1728 /* FellowsTests.swift */; };
		81BF7E101FFFD472009C1728 /* FellowsUITests.swift in Sources */ = {isa = PBXBuildFile; fileRef = 81BF7E0F1FFFD472009C1728 /* FellowsUITests.swift */; };
/* End PBXBuildFile section */

/* Begin PBXContainerItemProxy section */
		81BF7E011FFFD472009C1728 /* PBXContainerItemProxy */ = {
			isa = PBXContainerItemProxy;
			containerPortal = 81BF7DE41FFFD472009C1728 /* Project object */;
			proxyType = 1;
			remoteGlobalIDString = 81BF7DEB1FFFD472009C1728;
			remoteInfo = Fellows;
		};
		81BF7E0C1FFFD472009C1728 /* PBXContainerItemProxy */ = {
			isa = PBXContainerItemProxy;
			containerPortal = 81BF7DE41FFFD472009C1728 /* Project object */;
			proxyType = 1;
			remoteGlobalIDString = 81BF7DEB1FFFD472009C1728;
			remoteInfo = Fellows;
		};
/* End PBXContainerItemProxy section */

/* Begin PBXFileReference section */
		81BF7DEC1FFFD472009C1728 /* Fellows.app */ = {isa = PBXFileReference; explicitFileType = wrapper.application; includeInIndex = 0; path = Fellows.app; sourceTree = BUILT_PRODUCTS_DIR; };
		81BF7DEF1FFFD472009C1728 /* AppDelegate.swift */ = {isa = PBXFileReference; lastKnownFileType = sourcecode.swift; path = AppDelegate.swift; sourceTree = "<group>"; };
		81BF7DF11FFFD472009C1728 /* ViewController.swift */ = {isa = PBXFileReference; lastKnownFileType = sourcecode.swift; path = ViewController.swift; sourceTree = "<group>"; };
		81BF7DF41FFFD472009C1728 /* Base */ = {isa = PBXFileReference; lastKnownFileType = file.storyboard; name = Base; path = Base.lproj/Main.storyboard; sourceTree = "<group>"; };
		81BF7DF61FFFD472009C1728 /* Assets.xcassets */ = {isa = PBXFileReference; lastKnownFileType = folder.assetcatalog; path = Assets.xcassets; sourceTree = "<group>"; };
		81BF7DF91FFFD472009C1728 /* Base */ = {isa = PBXFileReference; lastKnownFileType = file.storyboard; name = Base; path = Base.lproj/LaunchScreen.storyboard; sourceTree = "<group>"; };
		81BF7DFB1FFFD472009C1728 /* Info.plist */ = {isa = PBXFileReference; lastKnownFileType = text.plist.xml; path = Info.plist; sourceTree = "<group>"; };
		81BF7E001FFFD472009C1728 /* FellowsTests.xctest */ = {isa = PBXFileReference; explicitFileType = wrapper.cfbundle; includeInIndex = 0; path = FellowsTests.xctest; sourceTree = BUILT_PRODUCTS_DIR; };
		81BF7E041FFFD472009C1728 /* FellowsTests.swift */ = {isa = PBXFileReference; lastKnownFileType = sourcecode.swift; path = FellowsTests.swift; sourceTree = "<group>"; };
		81BF7E061FFFD472009C1728 /* Info.plist */ = {isa = PBXFileReference; lastKnownFileType = text.plist.xml; path = Info.plist; sourceTree = "<group>"; };
		81BF7E0B1FFFD472009C1728 /* FellowsUITests.xctest */ = {isa = PBXFileReference; explicitFileType = wrapper.cfbundle; includeInIndex = 0; path = FellowsUITests.xctest; sourceTree = BUILT_PRODUCTS_DIR; };
		81BF7E0F1FFFD472009C1728 /* FellowsUITests.swift */ = {isa = PBXFileReference; lastKnownFileType = sourcecode.swift; path = FellowsUITests.swift; sourceTree = "<group>"; };
		81BF7E111FFFD472009C1728 /* Info.plist */ = {isa = PBXFileReference; lastKnownFileType = text.plist.xml; path = Info.plist; sourceTree = "<group>"; };
/* End PBXFileReference section */

/* Begin PBXFrameworksBuildPhase section */
		81BF7DE91FFFD472009C1728 /* Frameworks */ = {
			isa = PBXFrameworksBuildPhase;
			buildActionMask = 2147483647;
			files = (
			);
			runOnlyForDeploymentPostprocessing = 0;
		};
		81BF7DFD1FFFD472009C1728 /* Frameworks */ = {
			isa = PBXFrameworksBuildPhase;
			buildActionMask = 2147483647;
			files = (
			);
			runOnlyForDeploymentPostprocessing = 0;
		};
		81BF7E081FFFD472009C1728 /* Frameworks */ = {
			isa = PBXFrameworksBuildPhase;
			buildActionMask = 2147483647;
			files = (
			);
			runOnlyForDeploymentPostprocessing = 0;
		};
/* End PBXFrameworksBuildPhase section */

/* Begin PBXGroup section */
		81BF7DE31FFFD472009C1728 = {
			isa = PBXGroup;
			children = (
				81BF7DEE1FFFD472009C1728 /* Fellows */,
				81BF7E031FFFD472009C1728 /* FellowsTests */,
				81BF7E0E1FFFD472009C1728 /* FellowsUITests */,
				81BF7DED1FFFD472009C1728 /* Products */,
			);
			sourceTree = "<group>";
		};
		81BF7DED1FFFD472009C1728 /* Products */ = {
			isa = PBXGroup;
			children = (
				81BF7DEC1FFFD472009C1728 /* Fellows.app */,
				81BF7E001FFFD472009C1728 /* FellowsTests.xctest */,
				81BF7E0B1FFFD472009C1728 /* FellowsUITests.xctest */,
			);
			name = Products;
			sourceTree = "<group>";
		};
		81BF7DEE1FFFD472009C1728 /* Fellows */ = {
			isa = PBXGroup;
			children = (
				81BF7DEF1FFFD472009C1728 /* AppDelegate.swift */,
				81BF7DF11FFFD472009C1728 /* ViewController.swift */,
				81BF7DF31FFFD472009C1728 /* Main.storyboard */,
				81BF7DF61FFFD472009C1728 /* Assets.xcassets */,
				81BF7DF81FFFD472009C1728 /* LaunchScreen.storyboard */,
				81BF7DFB1FFFD472009C1728 /* Info.plist */,
			);
			path = Fellows;
			sourceTree = "<group>";
		};
		81BF7E031FFFD472009C1728 /* FellowsTests */ = {
			isa = PBXGroup;
			children = (
				81BF7E041FFFD472009C1728 /* FellowsTests.swift */,
				81BF7E061FFFD472009C1728 /* Info.plist */,
			);
			path = FellowsTests;
			sourceTree = "<group>";
		};
		81BF7E0E1FFFD472009C1728 /* FellowsUITests */ = {
			isa = PBXGroup;
			children = (
				81BF7E0F1FFFD472009C1728 /* FellowsUITests.swift */,
				81BF7E111FFFD472009C1728 /* Info.plist */,
			);
			path = FellowsUITests;
			sourceTree = "<group>";
		};
/* End PBXGroup section */

/* Begin PBXNativeTarget section */
		81BF7DEB1FFFD472009C1728 /* Fellows */ = {
			isa = PBXNativeTarget;
			buildConfigurationList = 81BF7E141FFFD472009C1728 /* Build configuration list for PBXNativeTarget "Fellows" */;
			buildPhases = (
				81BF7DE81FFFD472009C1728 /* Sources */,
				81BF7DE91FFFD472009C1728 /* Frameworks */,
				81BF7DEA1FFFD472009C1728 /* Resources */,
			);
			buildRules = (
			);
			dependencies = (
			);
			name = Fellows;
			productName = Fellows;
			productReference = 81BF7DEC1FFFD472009C1728 /* Fellows.app */;
			productType = "com.apple.product-type.application";
		};
		81BF7DFF1FFFD472009C1728 /* FellowsTests */ = {
			isa = PBXNativeTarget;
			buildConfigurationList = 81BF7E171FFFD472009C1728 /* Build configuration list for PBXNativeTarget "FellowsTests" */;
			buildPhases = (
				81BF7DFC1FFFD472009C1728 /* Sources */,
				81BF7DFD1FFFD472009C1728 /* Frameworks */,
				81BF7DFE1FFFD472009C1728 /* Resources */,
			);
			buildRules = (
			);
			dependencies = (
				81BF7E021FFFD472009C1728 /* PBXTargetDependency */,
			);
			name = FellowsTests;
			productName = FellowsTests;
			productReference = 81BF7E001FFFD472009C1728 /* FellowsTests.xctest */;
			productType = "com.apple.product-type.bundle.unit-test";
		};
		81BF7E0A1FFFD472009C1728 /* FellowsUITests */ = {
			isa = PBXNativeTarget;
			buildConfigurationList = 81BF7E1A1FFFD472009C1728 /* Build configuration list for PBXNativeTarget "FellowsUITests" */;
			buildPhases = (
				81BF7E071FFFD472009C1728 /* Sources */,
				81BF7E081FFFD472009C1728 /* Frameworks */,
				81BF7E091FFFD472009C1728 /* Resources */,
			);
			buildRules = (
			);
			dependencies = (
				81BF7E0D1FFFD472009C1728 /* PBXTargetDependency */,
			);
			name = FellowsUITests;
			productName = FellowsUITests;
			productReference = 81BF7E0B1FFFD472009C1728 /* FellowsUITests.xctest */;
			productType = "com.apple.product-type.bundle.ui-testing";
		};
/* End PBXNativeTarget section */

/* Begin PBXProject section */
		81BF7DE41FFFD472009C1728 /* Project object */ = {
			isa = PBXProject;
			attributes = {
				LastSwiftUpdateCheck = 0910;
				LastUpgradeCheck = 0910;
				ORGANIZATIONNAME = C4Q;
				TargetAttributes = {
					81BF7DEB1FFFD472009C1728 = {
						CreatedOnToolsVersion = 9.1;
						ProvisioningStyle = Automatic;
					};
					81BF7DFF1FFFD472009C1728 = {
						CreatedOnToolsVersion = 9.1;
						ProvisioningStyle = Automatic;
						TestTargetID = 81BF7DEB1FFFD472009C1728;
					};
					81BF7E0A1FFFD472009C1728 = {
						CreatedOnToolsVersion = 9.1;
						ProvisioningStyle = Automatic;
						TestTargetID = 81BF7DEB1FFFD472009C1728;
					};
				};
			};
			buildConfigurationList = 81BF7DE71FFFD472009C1728 /* Build configuration list for PBXProject "Fellows" */;
			compatibilityVersion = "Xcode 8.0";
			developmentRegion = en;
			hasScannedForEncodings = 0;
			knownRegions = (
				en,
				Base,
			);
			mainGroup = 81BF7DE31FFFD472009C1728;
			productRefGroup = 81BF7DED1FFFD472009C1728 /* Products */;
			projectDirPath = "";
			projectRoot = "";
			targets = (
				81BF7DEB1FFFD472009C1728 /* Fellows */,
				81BF7DFF1FFFD472009C1728 /* FellowsTests */,
				81BF7E0A1FFFD472009C1728 /* FellowsUITests */,
			);
		};
/* End PBXProject section */

/* Begin PBXResourcesBuildPhase section */
		81BF7DEA1FFFD472009C1728 /* Resources */ = {
			isa = PBXResourcesBuildPhase;
			buildActionMask = 2147483647;
			files = (
				81BF7DFA1FFFD472009C1728 /* LaunchScreen.storyboard in Resources */,
				81BF7DF71FFFD472009C1728 /* Assets.xcassets in Resources */,
				81BF7DF51FFFD472009C1728 /* Main.storyboard in Resources */,
			);
			runOnlyForDeploymentPostprocessing = 0;
		};
		81BF7DFE1FFFD472009C1728 /* Resources */ = {
			isa = PBXResourcesBuildPhase;
			buildActionMask = 2147483647;
			files = (
			);
			runOnlyForDeploymentPostprocessing = 0;
		};
		81BF7E091FFFD472009C1728 /* Resources */ = {
			isa = PBXResourcesBuildPhase;
			buildActionMask = 2147483647;
			files = (
			);
			runOnlyForDeploymentPostprocessing = 0;
		};
/* End PBXResourcesBuildPhase section */

/* Begin PBXSourcesBuildPhase section */
		81BF7DE81FFFD472009C1728 /* Sources */ = {
			isa = PBXSourcesBuildPhase;
			buildActionMask = 2147483647;
			files = (
				81BF7DF21FFFD472009C1728 /* ViewController.swift in Sources */,
				81BF7DF01FFFD472009C1728 /* AppDelegate.swift in Sources */,
			);
			runOnlyForDeploymentPostprocessing = 0;
		};
		81BF7DFC1FFFD472009C1728 /* Sources */ = {
			isa = PBXSourcesBuildPhase;
			buildActionMask = 2147483647;
			files = (
				81BF7E051FFFD472009C1728 /* FellowsTests.swift in Sources */,
			);
			runOnlyForDeploymentPostprocessing = 0;
		};
		81BF7E071FFFD472009C1728 /* Sources */ = {
			isa = PBXSourcesBuildPhase;
			buildActionMask = 2147483647;
			files = (
				81BF7E101FFFD472009C1728 /* FellowsUITests.swift in Sources */,
			);
			runOnlyForDeploymentPostprocessing = 0;
		};
/* End PBXSourcesBuildPhase section */

/* Begin PBXTargetDependency section */
		81BF7E021FFFD472009C1728 /* PBXTargetDependency */ = {
			isa = PBXTargetDependency;
			target = 81BF7DEB1FFFD472009C1728 /* Fellows */;
			targetProxy = 81BF7E011FFFD472009C1728 /* PBXContainerItemProxy */;
		};
		81BF7E0D1FFFD472009C1728 /* PBXTargetDependency */ = {
			isa = PBXTargetDependency;
			target = 81BF7DEB1FFFD472009C1728 /* Fellows */;
			targetProxy = 81BF7E0C1FFFD472009C1728 /* PBXContainerItemProxy */;
		};
/* End PBXTargetDependency section */

/* Begin PBXVariantGroup section */
		81BF7DF31FFFD472009C1728 /* Main.storyboard */ = {
			isa = PBXVariantGroup;
			children = (
				81BF7DF41FFFD472009C1728 /* Base */,
			);
			name = Main.storyboard;
			sourceTree = "<group>";
		};
		81BF7DF81FFFD472009C1728 /* LaunchScreen.storyboard */ = {
			isa = PBXVariantGroup;
			children = (
				81BF7DF91FFFD472009C1728 /* Base */,
			);
			name = LaunchScreen.storyboard;
			sourceTree = "<group>";
		};
/* End PBXVariantGroup section */

/* Begin XCBuildConfiguration section */
		81BF7E121FFFD472009C1728 /* Debug */ = {
			isa = XCBuildConfiguration;
			buildSettings = {
				ALWAYS_SEARCH_USER_PATHS = NO;
				CLANG_ANALYZER_NONNULL = YES;
				CLANG_ANALYZER_NUMBER_OBJECT_CONVERSION = YES_AGGRESSIVE;
				CLANG_CXX_LANGUAGE_STANDARD = "gnu++14";
				CLANG_CXX_LIBRARY = "libc++";
				CLANG_ENABLE_MODULES = YES;
				CLANG_ENABLE_OBJC_ARC = YES;
				CLANG_WARN_BLOCK_CAPTURE_AUTORELEASING = YES;
				CLANG_WARN_BOOL_CONVERSION = YES;
				CLANG_WARN_COMMA = YES;
				CLANG_WARN_CONSTANT_CONVERSION = YES;
				CLANG_WARN_DIRECT_OBJC_ISA_USAGE = YES_ERROR;
				CLANG_WARN_DOCUMENTATION_COMMENTS = YES;
				CLANG_WARN_EMPTY_BODY = YES;
				CLANG_WARN_ENUM_CONVERSION = YES;
				CLANG_WARN_INFINITE_RECURSION = YES;
				CLANG_WARN_INT_CONVERSION = YES;
				CLANG_WARN_NON_LITERAL_NULL_CONVERSION = YES;
				CLANG_WARN_OBJC_LITERAL_CONVERSION = YES;
				CLANG_WARN_OBJC_ROOT_CLASS = YES_ERROR;
				CLANG_WARN_RANGE_LOOP_ANALYSIS = YES;
				CLANG_WARN_STRICT_PROTOTYPES = YES;
				CLANG_WARN_SUSPICIOUS_MOVE = YES;
				CLANG_WARN_UNGUARDED_AVAILABILITY = YES_AGGRESSIVE;
				CLANG_WARN_UNREACHABLE_CODE = YES;
				CLANG_WARN__DUPLICATE_METHOD_MATCH = YES;
				CODE_SIGN_IDENTITY = "iPhone Developer";
				COPY_PHASE_STRIP = NO;
				DEBUG_INFORMATION_FORMAT = dwarf;
				ENABLE_STRICT_OBJC_MSGSEND = YES;
				ENABLE_TESTABILITY = YES;
				GCC_C_LANGUAGE_STANDARD = gnu11;
				GCC_DYNAMIC_NO_PIC = NO;
				GCC_NO_COMMON_BLOCKS = YES;
				GCC_OPTIMIZATION_LEVEL = 0;
				GCC_PREPROCESSOR_DEFINITIONS = (
					"DEBUG=1",
					"$(inherited)",
				);
				GCC_WARN_64_TO_32_BIT_CONVERSION = YES;
				GCC_WARN_ABOUT_RETURN_TYPE = YES_ERROR;
				GCC_WARN_UNDECLARED_SELECTOR = YES;
				GCC_WARN_UNINITIALIZED_AUTOS = YES_AGGRESSIVE;
				GCC_WARN_UNUSED_FUNCTION = YES;
				GCC_WARN_UNUSED_VARIABLE = YES;
				IPHONEOS_DEPLOYMENT_TARGET = 11.1;
				MTL_ENABLE_DEBUG_INFO = YES;
				ONLY_ACTIVE_ARCH = YES;
				SDKROOT = iphoneos;
				SWIFT_ACTIVE_COMPILATION_CONDITIONS = DEBUG;
				SWIFT_OPTIMIZATION_LEVEL = "-Onone";
			};
			name = Debug;
		};
		81BF7E131FFFD472009C1728 /* Release */ = {
			isa = XCBuildConfiguration;
			buildSettings = {
				ALWAYS_SEARCH_USER_PATHS = NO;
				CLANG_ANALYZER_NONNULL = YES;
				CLANG_ANALYZER_NUMBER_OBJECT_CONVERSION = YES_AGGRESSIVE;
				CLANG_CXX_LANGUAGE_STANDARD = "gnu++14";
				CLANG_CXX_LIBRARY = "libc++";
				CLANG_ENABLE_MODULES = YES;
				CLANG_ENABLE_OBJC_ARC = YES;
				CLANG_WARN_BLOCK_CAPTURE_AUTORELEASING = YES;
				CLANG_WARN_BOOL_CONVERSION = YES;
				CLANG_WARN_COMMA = YES;
				CLANG_WARN_CONSTANT_CONVERSION = YES;
				CLANG_WARN_DIRECT_OBJC_ISA_USAGE = YES_ERROR;
				CLANG_WARN_DOCUMENTATION_COMMENTS = YES;
				CLANG_WARN_EMPTY_BODY = YES;
				CLANG_WARN_ENUM_CONVERSION = YES;
				CLANG_WARN_INFINITE_RECURSION = YES;
				CLANG_WARN_INT_CONVERSION = YES;
				CLANG_WARN_NON_LITERAL_NULL_CONVERSION = YES;
				CLANG_WARN_OBJC_LITERAL_CONVERSION = YES;
				CLANG_WARN_OBJC_ROOT_CLASS = YES_ERROR;
				CLANG_WARN_RANGE_LOOP_ANALYSIS = YES;
				CLANG_WARN_STRICT_PROTOTYPES = YES;
				CLANG_WARN_SUSPICIOUS_MOVE = YES;
				CLANG_WARN_UNGUARDED_AVAILABILITY = YES_AGGRESSIVE;
				CLANG_WARN_UNREACHABLE_CODE = YES;
				CLANG_WARN__DUPLICATE_METHOD_MATCH = YES;
				CODE_SIGN_IDENTITY = "iPhone Developer";
				COPY_PHASE_STRIP = NO;
				DEBUG_INFORMATION_FORMAT = "dwarf-with-dsym";
				ENABLE_NS_ASSERTIONS = NO;
				ENABLE_STRICT_OBJC_MSGSEND = YES;
				GCC_C_LANGUAGE_STANDARD = gnu11;
				GCC_NO_COMMON_BLOCKS = YES;
				GCC_WARN_64_TO_32_BIT_CONVERSION = YES;
				GCC_WARN_ABOUT_RETURN_TYPE = YES_ERROR;
				GCC_WARN_UNDECLARED_SELECTOR = YES;
				GCC_WARN_UNINITIALIZED_AUTOS = YES_AGGRESSIVE;
				GCC_WARN_UNUSED_FUNCTION = YES;
				GCC_WARN_UNUSED_VARIABLE = YES;
				IPHONEOS_DEPLOYMENT_TARGET = 11.1;
				MTL_ENABLE_DEBUG_INFO = NO;
				SDKROOT = iphoneos;
				SWIFT_OPTIMIZATION_LEVEL = "-Owholemodule";
				VALIDATE_PRODUCT = YES;
			};
			name = Release;
		};
		81BF7E151FFFD472009C1728 /* Debug */ = {
			isa = XCBuildConfiguration;
			buildSettings = {
				ASSETCATALOG_COMPILER_APPICON_NAME = AppIcon;
				CODE_SIGN_STYLE = Automatic;
				INFOPLIST_FILE = Fellows/Info.plist;
				LD_RUNPATH_SEARCH_PATHS = "$(inherited) @executable_path/Frameworks";
				PRODUCT_BUNDLE_IDENTIFIER = nyc.c4q.AC4.3.Fellows;
				PRODUCT_NAME = "$(TARGET_NAME)";
				SWIFT_VERSION = 4.0;
				TARGETED_DEVICE_FAMILY = "1,2";
			};
			name = Debug;
		};
		81BF7E161FFFD472009C1728 /* Release */ = {
			isa = XCBuildConfiguration;
			buildSettings = {
				ASSETCATALOG_COMPILER_APPICON_NAME = AppIcon;
				CODE_SIGN_STYLE = Automatic;
				INFOPLIST_FILE = Fellows/Info.plist;
				LD_RUNPATH_SEARCH_PATHS = "$(inherited) @executable_path/Frameworks";
				PRODUCT_BUNDLE_IDENTIFIER = nyc.c4q.AC4.3.Fellows;
				PRODUCT_NAME = "$(TARGET_NAME)";
				SWIFT_VERSION = 4.0;
				TARGETED_DEVICE_FAMILY = "1,2";
			};
			name = Release;
		};
		81BF7E181FFFD472009C1728 /* Debug */ = {
			isa = XCBuildConfiguration;
			buildSettings = {
				ALWAYS_EMBED_SWIFT_STANDARD_LIBRARIES = YES;
				BUNDLE_LOADER = "$(TEST_HOST)";
				CODE_SIGN_STYLE = Automatic;
				INFOPLIST_FILE = FellowsTests/Info.plist;
				LD_RUNPATH_SEARCH_PATHS = "$(inherited) @executable_path/Frameworks @loader_path/Frameworks";
				PRODUCT_BUNDLE_IDENTIFIER = nyc.c4q.AC4.3.FellowsTests;
				PRODUCT_NAME = "$(TARGET_NAME)";
				SWIFT_VERSION = 4.0;
				TARGETED_DEVICE_FAMILY = "1,2";
				TEST_HOST = "$(BUILT_PRODUCTS_DIR)/Fellows.app/Fellows";
			};
			name = Debug;
		};
		81BF7E191FFFD472009C1728 /* Release */ = {
			isa = XCBuildConfiguration;
			buildSettings = {
				ALWAYS_EMBED_SWIFT_STANDARD_LIBRARIES = YES;
				BUNDLE_LOADER = "$(TEST_HOST)";
				CODE_SIGN_STYLE = Automatic;
				INFOPLIST_FILE = FellowsTests/Info.plist;
				LD_RUNPATH_SEARCH_PATHS = "$(inherited) @executable_path/Frameworks @loader_path/Frameworks";
				PRODUCT_BUNDLE_IDENTIFIER = nyc.c4q.AC4.3.FellowsTests;
				PRODUCT_NAME = "$(TARGET_NAME)";
				SWIFT_VERSION = 4.0;
				TARGETED_DEVICE_FAMILY = "1,2";
				TEST_HOST = "$(BUILT_PRODUCTS_DIR)/Fellows.app/Fellows";
			};
			name = Release;
		};
		81BF7E1B1FFFD472009C1728 /* Debug */ = {
			isa = XCBuildConfiguration;
			buildSettings = {
				ALWAYS_EMBED_SWIFT_STANDARD_LIBRARIES = YES;
				CODE_SIGN_STYLE = Automatic;
				INFOPLIST_FILE = FellowsUITests/Info.plist;
				LD_RUNPATH_SEARCH_PATHS = "$(inherited) @executable_path/Frameworks @loader_path/Frameworks";
				PRODUCT_BUNDLE_IDENTIFIER = nyc.c4q.AC4.3.FellowsUITests;
				PRODUCT_NAME = "$(TARGET_NAME)";
				SWIFT_VERSION = 4.0;
				TARGETED_DEVICE_FAMILY = "1,2";
				TEST_TARGET_NAME = Fellows;
			};
			name = Debug;
		};
		81BF7E1C1FFFD472009C1728 /* Release */ = {
			isa = XCBuildConfiguration;
			buildSettings = {
				ALWAYS_EMBED_SWIFT_STANDARD_LIBRARIES = YES;
				CODE_SIGN_STYLE = Automatic;
				INFOPLIST_FILE = FellowsUITests/Info.plist;
				LD_RUNPATH_SEARCH_PATHS = "$(inherited) @executable_path/Frameworks @loader_path/Frameworks";
				PRODUCT_BUNDLE_IDENTIFIER = nyc.c4q.AC4.3.FellowsUITests;
				PRODUCT_NAME = "$(TARGET_NAME)";
				SWIFT_VERSION = 4.0;
				TARGETED_DEVICE_FAMILY = "1,2";
				TEST_TARGET_NAME = Fellows;
			};
			name = Release;
		};
/* End XCBuildConfiguration section */

/* Begin XCConfigurationList section */
		81BF7DE71FFFD472009C1728 /* Build configuration list for PBXProject "Fellows" */ = {
			isa = XCConfigurationList;
			buildConfigurations = (
				81BF7E121FFFD472009C1728 /* Debug */,
				81BF7E131FFFD472009C1728 /* Release */,
			);
			defaultConfigurationIsVisible = 0;
			defaultConfigurationName = Release;
		};
		81BF7E141FFFD472009C1728 /* Build configuration list for PBXNativeTarget "Fellows" */ = {
			isa = XCConfigurationList;
			buildConfigurations = (
				81BF7E151FFFD472009C1728 /* Debug */,
				81BF7E161FFFD472009C1728 /* Release */,
			);
			defaultConfigurationIsVisible = 0;
			defaultConfigurationName = Release;
		};
		81BF7E171FFFD472009C1728 /* Build configuration list for PBXNativeTarget "FellowsTests" */ = {
			isa = XCConfigurationList;
			buildConfigurations = (
				81BF7E181FFFD472009C1728 /* Debug */,
				81BF7E191FFFD472009C1728 /* Release */,
			);
			defaultConfigurationIsVisible = 0;
			defaultConfigurationName = Release;
		};
		81BF7E1A1FFFD472009C1728 /* Build configuration list for PBXNativeTarget "FellowsUITests" */ = {
			isa = XCConfigurationList;
			buildConfigurations = (
				81BF7E1B1FFFD472009C1728 /* Debug */,
				81BF7E1C1FFFD472009C1728 /* Release */,
			);
			defaultConfigurationIsVisible = 0;
			defaultConfigurationName = Release;
		};
/* End XCConfigurationList section */
	};
	rootObject = 81BF7DE41FFFD472009C1728 /* Project object */;
}
